<?xml version="1.0" encoding="utf-8"?>
<Project ToolsVersion="4.0" xmlns="http://schemas.microsoft.com/developer/msbuild/2003">
  <ItemGroup>
    <ClCompile Include="Main.cpp" />
    <ClCompile Include="General\Input.cpp" />
    <ClCompile Include="General\Application.cpp" />
    <ClCompile Include="General\Loader.cpp" />
    <ClCompile Include="General\VertexArray.cpp" />
    <ClCompile Include="General\IndexArray.cpp" />
    <ClCompile Include="General\Material.cpp" />
    <ClCompile Include="General\Object.cpp" />
    <ClCompile Include="stdafx.cpp" />
    <ClCompile Include="General\Camera.cpp" />
    <ClCompile Include="General\PointLight.cpp" />
    <ClCompile Include="Directx11\Texture.cpp" />
    <ClCompile Include="Directx11\DX11ConstantBuffer.cpp" />
    <ClCompile Include="Directx11\DX11FrameConstantBuffer.cpp" />
    <ClCompile Include="Directx11\DX11Graphics.cpp" />
    <ClCompile Include="Directx11\DX11InputMap.cpp" />
    <ClCompile Include="Directx11\DX11Mesh.cpp" />
    <ClCompile Include="Directx11\DX11ObjectConstantBuffer.cpp" />
    <ClCompile Include="Directx11\DX11Shader.cpp" />
    <ClCompile Include="General\Window.cpp" />
    <ClCompile Include="General\Bitmap.cpp" />
    <ClCompile Include="General\Math\Matrix4d.cpp" />
    <ClCompile Include="General\Math\Vector3d.cpp" />
    <ClCompile Include="General\Math\Transform.cpp" />
    <ClCompile Include="General\Math\Vector4d.cpp" />
    <ClCompile Include="General\Math\Vector2d.cpp" />
  </ItemGroup>
  <ItemGroup>
    <ClInclude Include="General\IApplication.h" />
    <ClInclude Include="General\IWindow.h" />
    <ClInclude Include="General\ApplicationMgr.h" />
    <ClInclude Include="General\Input.h" />
    <ClInclude Include="General\IInputMap.h" />
    <ClInclude Include="General\Application.h" />
    <ClInclude Include="General\IGraphics.h" />
    <ClInclude Include="General\IMesh.h" />
    <ClInclude Include="General\Math\Math.h" />
    <ClInclude Include="General\IVertexArray.h" />
    <ClInclude Include="General\IIndexArray.h" />
    <ClInclude Include="General\IShader.h" />
    <ClInclude Include="General\Loader.h" />
    <ClInclude Include="General\VertexArray.h" />
    <ClInclude Include="Externals\TinyGLTF\Include.h" />
    <ClInclude Include="General\IndexArray.h" />
    <ClInclude Include="General\IConstantBuffer.h" />
    <ClInclude Include="General\Material.h" />
    <ClInclude Include="General\ObjectConstantBuffer.h" />
    <ClInclude Include="General\FrameConstantBuffer.h" />
    <ClInclude Include="General\Object.h" />
    <ClInclude Include="stdafx.h" />
    <ClInclude Include="General\ICamera.h" />
    <ClInclude Include="General\Camera.h" />
    <ClInclude Include="General\ILight.h" />
    <ClInclude Include="General\IPointLight.h" />
    <ClInclude Include="General\PointLight.h" />
    <ClInclude Include="Directx11\Texture.h" />
    <ClInclude Include="Directx11\DX11ConstantBuffer.h" />
    <ClInclude Include="Directx11\DX11FrameConstantBuffer.h" />
    <ClInclude Include="Directx11\DX11Graphics.h" />
    <ClInclude Include="Directx11\DX11InputMap.h" />
    <ClInclude Include="Directx11\DX11Mesh.h" />
    <ClInclude Include="Directx11\DX11ObjectConstantBuffer.h" />
    <ClInclude Include="Directx11\DX11Shader.h" />
    <ClInclude Include="General\IRenderer.h" />
    <ClInclude Include="General\Window.h" />
    <ClInclude Include="General\Bitmap.h" />
    <ClInclude Include="General\Logger.h" />
    <ClInclude Include="General\Math\Matrix4d.h" />
    <ClInclude Include="General\Math\Transform.h" />
    <ClInclude Include="General\Math\Vector4d.h" />
    <ClInclude Include="General\Math\Vector3d.h" />
    <ClInclude Include="General\Color.h" />
    <ClInclude Include="General\Math\Vector2d.h" />
  </ItemGroup>
  <ItemGroup>
    <None Include="DirectX\Shaders\color.vs" />
    <None Include="DirectX\Shaders\color.ps" />
    <None Include="packages.config" />
    <None Include="DirectX\Shaders\texture.ps" />
  </ItemGroup>
  <ItemGroup>
    <Text Include="DirectX\Shaders\texture.vs" />
  </ItemGroup>
  <ItemGroup>
    <Image Include="DirectX\Shaders\seafloor.dds" />
  </ItemGroup>
</Project>