<?xml version="1.0" encoding="utf-8"?>
<Project ToolsVersion="4.0" xmlns="http://schemas.microsoft.com/developer/msbuild/2003">
  <ItemGroup>
    <ClCompile Include="Main.cpp" />
    <ClCompile Include="stdafx.cpp" />
    <ClCompile Include="General\Application.cpp">
      <Filter>General\Application</Filter>
    </ClCompile>
    <ClCompile Include="General\Camera.cpp">
      <Filter>General</Filter>
    </ClCompile>
    <ClCompile Include="General\Bitmap.cpp">
      <Filter>General\Graphics</Filter>
    </ClCompile>
    <ClCompile Include="General\IndexArray.cpp">
      <Filter>General\Graphics</Filter>
    </ClCompile>
    <ClCompile Include="General\Input.cpp">
      <Filter>General\Application</Filter>
    </ClCompile>
    <ClCompile Include="General\Loader.cpp">
      <Filter>General</Filter>
    </ClCompile>
    <ClCompile Include="General\Matrix4d.cpp">
      <Filter>General\Math</Filter>
    </ClCompile>
    <ClCompile Include="General\PointLight.cpp">
      <Filter>General</Filter>
    </ClCompile>
    <ClCompile Include="Directx11\Texture.cpp">
      <Filter>General\Graphics</Filter>
    </ClCompile>
    <ClCompile Include="General\Transform.cpp">
      <Filter>General\Math</Filter>
    </ClCompile>
    <ClCompile Include="General\Vector2d.cpp">
      <Filter>General\Math</Filter>
    </ClCompile>
    <ClCompile Include="General\Vector3d.cpp">
      <Filter>General\Math</Filter>
    </ClCompile>
    <ClCompile Include="General\Vector4d.cpp">
      <Filter>General\Math</Filter>
    </ClCompile>
    <ClCompile Include="General\VertexArray.cpp">
      <Filter>General\Graphics</Filter>
    </ClCompile>
    <ClCompile Include="General\Window.cpp">
      <Filter>General\Application</Filter>
    </ClCompile>
    <ClCompile Include="Directx11\DX11ConstantBuffer.cpp">
      <Filter>Directx11\Graphics</Filter>
    </ClCompile>
    <ClCompile Include="Directx11\DX11FrameConstantBuffer.cpp">
      <Filter>Directx11\Graphics</Filter>
    </ClCompile>
    <ClCompile Include="Directx11\DX11Graphics.cpp">
      <Filter>Directx11\Graphics</Filter>
    </ClCompile>
    <ClCompile Include="Directx11\DX11Mesh.cpp">
      <Filter>Directx11\Graphics</Filter>
    </ClCompile>
    <ClCompile Include="Directx11\DX11ObjectConstantBuffer.cpp">
      <Filter>Directx11\Graphics</Filter>
    </ClCompile>
    <ClCompile Include="Directx11\DX11Shader.cpp">
      <Filter>Directx11\Graphics</Filter>
    </ClCompile>
    <ClCompile Include="Directx11\DX11InputMap.cpp">
      <Filter>Directx11\Application</Filter>
    </ClCompile>
    <ClCompile Include="General\Material.cpp">
      <Filter>General</Filter>
    </ClCompile>
    <ClCompile Include="General\SceneObject.cpp">
      <Filter>General</Filter>
    </ClCompile>
    <ClCompile Include="General\VertexElement.cpp" />
  </ItemGroup>
  <ItemGroup>
    <ClInclude Include="stdafx.h" />
    <ClInclude Include="General\Application.h">
      <Filter>General\Application</Filter>
    </ClInclude>
    <ClInclude Include="General\ApplicationMgr.h">
      <Filter>General\Application</Filter>
    </ClInclude>
    <ClInclude Include="General\Camera.h">
      <Filter>General</Filter>
    </ClInclude>
    <ClInclude Include="General\Color.h">
      <Filter>General</Filter>
    </ClInclude>
    <ClInclude Include="General\FrameConstantBuffer.h">
      <Filter>General\Graphics</Filter>
    </ClInclude>
    <ClInclude Include="General\Bitmap.h">
      <Filter>General\Graphics</Filter>
    </ClInclude>
    <ClInclude Include="General\IApplication.h">
      <Filter>General\Application</Filter>
    </ClInclude>
    <ClInclude Include="General\ICamera.h">
      <Filter>General</Filter>
    </ClInclude>
    <ClInclude Include="General\IConstantBuffer.h">
      <Filter>General\Graphics</Filter>
    </ClInclude>
    <ClInclude Include="General\IGraphics.h">
      <Filter>General\Graphics</Filter>
    </ClInclude>
    <ClInclude Include="General\IIndexArray.h">
      <Filter>General\Graphics</Filter>
    </ClInclude>
    <ClInclude Include="General\IInputMap.h">
      <Filter>General\Graphics</Filter>
    </ClInclude>
    <ClInclude Include="General\IMesh.h">
      <Filter>General\Graphics</Filter>
    </ClInclude>
    <ClInclude Include="General\ILight.h">
      <Filter>General</Filter>
    </ClInclude>
    <ClInclude Include="Externals\TinyGLTF\Include.h">
      <Filter>Externals\TinyGLTF</Filter>
    </ClInclude>
    <ClInclude Include="General\IndexArray.h">
      <Filter>General\Graphics</Filter>
    </ClInclude>
    <ClInclude Include="General\Input.h">
      <Filter>General\Application</Filter>
    </ClInclude>
    <ClInclude Include="General\IPointLight.h">
      <Filter>General</Filter>
    </ClInclude>
    <ClInclude Include="General\IRenderer.h">
      <Filter>General\Graphics</Filter>
    </ClInclude>
    <ClInclude Include="General\IShader.h">
      <Filter>General\Graphics</Filter>
    </ClInclude>
    <ClInclude Include="General\IVertexArray.h">
      <Filter>General\Graphics</Filter>
    </ClInclude>
    <ClInclude Include="General\IWindow.h">
      <Filter>General\Application</Filter>
    </ClInclude>
    <ClInclude Include="General\Loader.h">
      <Filter>General</Filter>
    </ClInclude>
    <ClInclude Include="General\Logger.h">
      <Filter>General</Filter>
    </ClInclude>
    <ClInclude Include="General\Math.h">
      <Filter>General\Math</Filter>
    </ClInclude>
    <ClInclude Include="General\Matrix4d.h">
      <Filter>General\Math</Filter>
    </ClInclude>
    <ClInclude Include="General\ObjectConstantBuffer.h">
      <Filter>General\Graphics</Filter>
    </ClInclude>
    <ClInclude Include="General\PointLight.h">
      <Filter>General</Filter>
    </ClInclude>
    <ClInclude Include="Directx11\Texture.h">
      <Filter>General\Graphics</Filter>
    </ClInclude>
    <ClInclude Include="General\Transform.h">
      <Filter>General\Math</Filter>
    </ClInclude>
    <ClInclude Include="General\Vector2d.h">
      <Filter>General\Math</Filter>
    </ClInclude>
    <ClInclude Include="General\Vector3d.h">
      <Filter>General\Math</Filter>
    </ClInclude>
    <ClInclude Include="General\Vector4d.h">
      <Filter>General\Math</Filter>
    </ClInclude>
    <ClInclude Include="General\VertexArray.h">
      <Filter>General\Graphics</Filter>
    </ClInclude>
    <ClInclude Include="General\Window.h">
      <Filter>General\Application</Filter>
    </ClInclude>
    <ClInclude Include="Directx11\DX11ConstantBuffer.h">
      <Filter>Directx11\Graphics</Filter>
    </ClInclude>
    <ClInclude Include="Directx11\DX11FrameConstantBuffer.h">
      <Filter>Directx11\Graphics</Filter>
    </ClInclude>
    <ClInclude Include="Directx11\DX11Graphics.h">
      <Filter>Directx11\Graphics</Filter>
    </ClInclude>
    <ClInclude Include="Directx11\DX11Mesh.h">
      <Filter>Directx11\Graphics</Filter>
    </ClInclude>
    <ClInclude Include="Directx11\DX11ObjectConstantBuffer.h">
      <Filter>Directx11\Graphics</Filter>
    </ClInclude>
    <ClInclude Include="Directx11\DX11Shader.h">
      <Filter>Directx11\Graphics</Filter>
    </ClInclude>
    <ClInclude Include="Directx11\DX11InputMap.h">
      <Filter>Directx11\Application</Filter>
    </ClInclude>
    <ClInclude Include="General\Material.h">
      <Filter>General</Filter>
    </ClInclude>
    <ClInclude Include="General\SceneObject.h">
      <Filter>General</Filter>
    </ClInclude>
    <ClInclude Include="General\VertexElement.h">
      <Filter>General\Graphics</Filter>
    </ClInclude>
  </ItemGroup>
  <ItemGroup>
    <None Include="packages.config" />
  </ItemGroup>
  <ItemGroup>
    <Filter Include="General">
      <UniqueIdentifier>{978259f6-e517-4aec-992a-9e8fee8b16ea}</UniqueIdentifier>
    </Filter>
    <Filter Include="General\Application">
      <UniqueIdentifier>{7b93d71b-eac6-4218-91b9-511ea87d0c1e}</UniqueIdentifier>
    </Filter>
    <Filter Include="Directx11">
      <UniqueIdentifier>{34a76701-1c29-4227-a7ed-9a2f351af38b}</UniqueIdentifier>
    </Filter>
    <Filter Include="General\Graphics">
      <UniqueIdentifier>{d0d975ee-aa49-42cb-8919-8d84dadf72d7}</UniqueIdentifier>
    </Filter>
    <Filter Include="Externals">
      <UniqueIdentifier>{530b2dd3-0b69-4a49-beef-2fa443eff514}</UniqueIdentifier>
    </Filter>
    <Filter Include="Externals\TinyGLTF">
      <UniqueIdentifier>{bc9a8fe1-ecaa-4b0e-b39b-3deddf0a36b0}</UniqueIdentifier>
    </Filter>
    <Filter Include="General\Math">
      <UniqueIdentifier>{e65dbc12-71ec-4514-aeb9-31939328bd74}</UniqueIdentifier>
    </Filter>
    <Filter Include="Directx11\Graphics">
      <UniqueIdentifier>{b819257a-7641-4e9a-a026-1c84e26046e8}</UniqueIdentifier>
    </Filter>
    <Filter Include="Directx11\Application">
      <UniqueIdentifier>{2c90b5ab-2a4e-4fd1-8e35-f9ca83cb8bee}</UniqueIdentifier>
    </Filter>
  </ItemGroup>
</Project>