<?xml version="1.0" encoding="utf-8"?>
<Project ToolsVersion="4.0" xmlns="http://schemas.microsoft.com/developer/msbuild/2003">
  <ItemGroup>
    <ClCompile Include="Main.cpp" />
    <ClCompile Include="General\Logger.cpp" />
    <ClCompile Include="Opengl\GLApplication.cpp" />
    <ClCompile Include="Externals\GLAD\src\glad.c" />
    <ClCompile Include="Opengl\GLWindow.cpp" />
    <ClCompile Include="DirectX\DXApplication.cpp" />
    <ClCompile Include="DirectX\DXWindow.cpp" />
  </ItemGroup>
  <ItemGroup>
    <ClInclude Include="General\IApplication.h" />
    <ClInclude Include="General\IWindow.h" />
    <ClInclude Include="General\Logger.h" />
    <ClInclude Include="Opengl\GLApplication.h" />
    <ClInclude Include="General\Pointers.h" />
    <ClInclude Include="General\ApplicationMgr.h" />
    <ClInclude Include="Opengl\GLWindow.h" />
    <ClInclude Include="DirectX\DXApplication.h" />
    <ClInclude Include="DirectX\DXWindow.h" />
  </ItemGroup>
</Project>